// !$*UTF8*$!
{
	archiveVersion = 1;
	classes = {
	};
	objectVersion = 56;
	objects = {

/* Begin PBXBuildFile section */
		87536BEF29CE5B4900DF1B2B /* DataInsightsObesityApp.swift in Sources */ = {isa = PBXBuildFile; fileRef = 87536BEE29CE5B4900DF1B2B /* DataInsightsObesityApp.swift */; };
		87536BF129CE5B4900DF1B2B /* ContentView.swift in Sources */ = {isa = PBXBuildFile; fileRef = 87536BF029CE5B4900DF1B2B /* ContentView.swift */; };
		87536BF329CE5B4A00DF1B2B /* Assets.xcassets in Resources */ = {isa = PBXBuildFile; fileRef = 87536BF229CE5B4A00DF1B2B /* Assets.xcassets */; };
		87536BF629CE5B4A00DF1B2B /* Preview Assets.xcassets in Resources */ = {isa = PBXBuildFile; fileRef = 87536BF529CE5B4A00DF1B2B /* Preview Assets.xcassets */; };
		87536C0029CE5B4A00DF1B2B /* DataInsightsObesityTests.swift in Sources */ = {isa = PBXBuildFile; fileRef = 87536BFF29CE5B4A00DF1B2B /* DataInsightsObesityTests.swift */; };
		87536C0A29CE5B4A00DF1B2B /* DataInsightsObesityUITests.swift in Sources */ = {isa = PBXBuildFile; fileRef = 87536C0929CE5B4A00DF1B2B /* DataInsightsObesityUITests.swift */; };
		87536C0C29CE5B4A00DF1B2B /* DataInsightsObesityUITestsLaunchTests.swift in Sources */ = {isa = PBXBuildFile; fileRef = 87536C0B29CE5B4A00DF1B2B /* DataInsightsObesityUITestsLaunchTests.swift */; };
/* End PBXBuildFile section */

/* Begin PBXContainerItemProxy section */
		87536BFC29CE5B4A00DF1B2B /* PBXContainerItemProxy */ = {
			isa = PBXContainerItemProxy;
			containerPortal = 87536BE329CE5B4900DF1B2B /* Project object */;
			proxyType = 1;
			remoteGlobalIDString = 87536BEA29CE5B4900DF1B2B;
			remoteInfo = DataInsightsObesity;
		};
		87536C0629CE5B4A00DF1B2B /* PBXContainerItemProxy */ = {
			isa = PBXContainerItemProxy;
			containerPortal = 87536BE329CE5B4900DF1B2B /* Project object */;
			proxyType = 1;
			remoteGlobalIDString = 87536BEA29CE5B4900DF1B2B;
			remoteInfo = DataInsightsObesity;
		};
/* End PBXContainerItemProxy section */

/* Begin PBXFileReference section */
		87536BEB29CE5B4900DF1B2B /* DataInsightsObesity.app */ = {isa = PBXFileReference; explicitFileType = wrapper.application; includeInIndex = 0; path = DataInsightsObesity.app; sourceTree = BUILT_PRODUCTS_DIR; };
		87536BEE29CE5B4900DF1B2B /* DataInsightsObesityApp.swift */ = {isa = PBXFileReference; lastKnownFileType = sourcecode.swift; path = DataInsightsObesityApp.swift; sourceTree = "<group>"; };
		87536BF029CE5B4900DF1B2B /* ContentView.swift */ = {isa = PBXFileReference; lastKnownFileType = sourcecode.swift; path = ContentView.swift; sourceTree = "<group>"; };
		87536BF229CE5B4A00DF1B2B /* Assets.xcassets */ = {isa = PBXFileReference; lastKnownFileType = folder.assetcatalog; path = Assets.xcassets; sourceTree = "<group>"; };
		87536BF529CE5B4A00DF1B2B /* Preview Assets.xcassets */ = {isa = PBXFileReference; lastKnownFileType = folder.assetcatalog; path = "Preview Assets.xcassets"; sourceTree = "<group>"; };
		87536BFB29CE5B4A00DF1B2B /* DataInsightsObesityTests.xctest */ = {isa = PBXFileReference; explicitFileType = wrapper.cfbundle; includeInIndex = 0; path = DataInsightsObesityTests.xctest; sourceTree = BUILT_PRODUCTS_DIR; };
		87536BFF29CE5B4A00DF1B2B /* DataInsightsObesityTests.swift */ = {isa = PBXFileReference; lastKnownFileType = sourcecode.swift; path = DataInsightsObesityTests.swift; sourceTree = "<group>"; };
		87536C0529CE5B4A00DF1B2B /* DataInsightsObesityUITests.xctest */ = {isa = PBXFileReference; explicitFileType = wrapper.cfbundle; includeInIndex = 0; path = DataInsightsObesityUITests.xctest; sourceTree = BUILT_PRODUCTS_DIR; };
		87536C0929CE5B4A00DF1B2B /* DataInsightsObesityUITests.swift */ = {isa = PBXFileReference; lastKnownFileType = sourcecode.swift; path = DataInsightsObesityUITests.swift; sourceTree = "<group>"; };
		87536C0B29CE5B4A00DF1B2B /* DataInsightsObesityUITestsLaunchTests.swift */ = {isa = PBXFileReference; lastKnownFileType = sourcecode.swift; path = DataInsightsObesityUITestsLaunchTests.swift; sourceTree = "<group>"; };
/* End PBXFileReference section */

/* Begin PBXFrameworksBuildPhase section */
		87536BE829CE5B4900DF1B2B /* Frameworks */ = {
			isa = PBXFrameworksBuildPhase;
			buildActionMask = 2147483647;
			files = (
			);
			runOnlyForDeploymentPostprocessing = 0;
		};
		87536BF829CE5B4A00DF1B2B /* Frameworks */ = {
			isa = PBXFrameworksBuildPhase;
			buildActionMask = 2147483647;
			files = (
			);
			runOnlyForDeploymentPostprocessing = 0;
		};
		87536C0229CE5B4A00DF1B2B /* Frameworks */ = {
			isa = PBXFrameworksBuildPhase;
			buildActionMask = 2147483647;
			files = (
			);
			runOnlyForDeploymentPostprocessing = 0;
		};
/* End PBXFrameworksBuildPhase section */

/* Begin PBXGroup section */
		87536BE229CE5B4900DF1B2B = {
			isa = PBXGroup;
			children = (
				87536BED29CE5B4900DF1B2B /* DataInsightsObesity */,
				87536BFE29CE5B4A00DF1B2B /* DataInsightsObesityTests */,
				87536C0829CE5B4A00DF1B2B /* DataInsightsObesityUITests */,
				87536BEC29CE5B4900DF1B2B /* Products */,
			);
			sourceTree = "<group>";
		};
		87536BEC29CE5B4900DF1B2B /* Products */ = {
			isa = PBXGroup;
			children = (
				87536BEB29CE5B4900DF1B2B /* DataInsightsObesity.app */,
				87536BFB29CE5B4A00DF1B2B /* DataInsightsObesityTests.xctest */,
				87536C0529CE5B4A00DF1B2B /* DataInsightsObesityUITests.xctest */,
			);
			name = Products;
			sourceTree = "<group>";
		};
		87536BED29CE5B4900DF1B2B /* DataInsightsObesity */ = {
			isa = PBXGroup;
			children = (
				87536BEE29CE5B4900DF1B2B /* DataInsightsObesityApp.swift */,
				87536BF029CE5B4900DF1B2B /* ContentView.swift */,
				87536BF229CE5B4A00DF1B2B /* Assets.xcassets */,
				87536BF429CE5B4A00DF1B2B /* Preview Content */,
			);
			path = DataInsightsObesity;
			sourceTree = "<group>";
		};
		87536BF429CE5B4A00DF1B2B /* Preview Content */ = {
			isa = PBXGroup;
			children = (
				87536BF529CE5B4A00DF1B2B /* Preview Assets.xcassets */,
			);
			path = "Preview Content";
			sourceTree = "<group>";
		};
		87536BFE29CE5B4A00DF1B2B /* DataInsightsObesityTests */ = {
			isa = PBXGroup;
			children = (
				87536BFF29CE5B4A00DF1B2B /* DataInsightsObesityTests.swift */,
			);
			path = DataInsightsObesityTests;
			sourceTree = "<group>";
		};
		87536C0829CE5B4A00DF1B2B /* DataInsightsObesityUITests */ = {
			isa = PBXGroup;
			children = (
				87536C0929CE5B4A00DF1B2B /* DataInsightsObesityUITests.swift */,
				87536C0B29CE5B4A00DF1B2B /* DataInsightsObesityUITestsLaunchTests.swift */,
			);
			path = DataInsightsObesityUITests;
			sourceTree = "<group>";
		};
/* End PBXGroup section */

/* Begin PBXNativeTarget section */
		87536BEA29CE5B4900DF1B2B /* DataInsightsObesity */ = {
			isa = PBXNativeTarget;
			buildConfigurationList = 87536C0F29CE5B4A00DF1B2B /* Build configuration list for PBXNativeTarget "DataInsightsObesity" */;
			buildPhases = (
				87536BE729CE5B4900DF1B2B /* Sources */,
				87536BE829CE5B4900DF1B2B /* Frameworks */,
				87536BE929CE5B4900DF1B2B /* Resources */,
			);
			buildRules = (
			);
			dependencies = (
			);
			name = DataInsightsObesity;
			productName = DataInsightsObesity;
			productReference = 87536BEB29CE5B4900DF1B2B /* DataInsightsObesity.app */;
			productType = "com.apple.product-type.application";
		};
		87536BFA29CE5B4A00DF1B2B /* DataInsightsObesityTests */ = {
			isa = PBXNativeTarget;
			buildConfigurationList = 87536C1229CE5B4A00DF1B2B /* Build configuration list for PBXNativeTarget "DataInsightsObesityTests" */;
			buildPhases = (
				87536BF729CE5B4A00DF1B2B /* Sources */,
				87536BF829CE5B4A00DF1B2B /* Frameworks */,
				87536BF929CE5B4A00DF1B2B /* Resources */,
			);
			buildRules = (
			);
			dependencies = (
				87536BFD29CE5B4A00DF1B2B /* PBXTargetDependency */,
			);
			name = DataInsightsObesityTests;
			productName = DataInsightsObesityTests;
			productReference = 87536BFB29CE5B4A00DF1B2B /* DataInsightsObesityTests.xctest */;
			productType = "com.apple.product-type.bundle.unit-test";
		};
		87536C0429CE5B4A00DF1B2B /* DataInsightsObesityUITests */ = {
			isa = PBXNativeTarget;
			buildConfigurationList = 87536C1529CE5B4A00DF1B2B /* Build configuration list for PBXNativeTarget "DataInsightsObesityUITests" */;
			buildPhases = (
				87536C0129CE5B4A00DF1B2B /* Sources */,
				87536C0229CE5B4A00DF1B2B /* Frameworks */,
				87536C0329CE5B4A00DF1B2B /* Resources */,
			);
			buildRules = (
			);
			dependencies = (
				87536C0729CE5B4A00DF1B2B /* PBXTargetDependency */,
			);
			name = DataInsightsObesityUITests;
			productName = DataInsightsObesityUITests;
			productReference = 87536C0529CE5B4A00DF1B2B /* DataInsightsObesityUITests.xctest */;
			productType = "com.apple.product-type.bundle.ui-testing";
		};
/* End PBXNativeTarget section */

/* Begin PBXProject section */
		87536BE329CE5B4900DF1B2B /* Project object */ = {
			isa = PBXProject;
			attributes = {
				BuildIndependentTargetsInParallel = 1;
				LastSwiftUpdateCheck = 1430;
				LastUpgradeCheck = 1430;
				TargetAttributes = {
					87536BEA29CE5B4900DF1B2B = {
						CreatedOnToolsVersion = 14.3;
					};
					87536BFA29CE5B4A00DF1B2B = {
						CreatedOnToolsVersion = 14.3;
						TestTargetID = 87536BEA29CE5B4900DF1B2B;
					};
					87536C0429CE5B4A00DF1B2B = {
						CreatedOnToolsVersion = 14.3;
						TestTargetID = 87536BEA29CE5B4900DF1B2B;
					};
				};
			};
			buildConfigurationList = 87536BE629CE5B4900DF1B2B /* Build configuration list for PBXProject "DataInsightsObesity" */;
			compatibilityVersion = "Xcode 14.0";
			developmentRegion = en;
			hasScannedForEncodings = 0;
			knownRegions = (
				en,
				Base,
			);
			mainGroup = 87536BE229CE5B4900DF1B2B;
			productRefGroup = 87536BEC29CE5B4900DF1B2B /* Products */;
			projectDirPath = "";
			projectRoot = "";
			targets = (
				87536BEA29CE5B4900DF1B2B /* DataInsightsObesity */,
				87536BFA29CE5B4A00DF1B2B /* DataInsightsObesityTests */,
				87536C0429CE5B4A00DF1B2B /* DataInsightsObesityUITests */,
			);
		};
/* End PBXProject section */

/* Begin PBXResourcesBuildPhase section */
		87536BE929CE5B4900DF1B2B /* Resources */ = {
			isa = PBXResourcesBuildPhase;
			buildActionMask = 2147483647;
			files = (
				87536BF629CE5B4A00DF1B2B /* Preview Assets.xcassets in Resources */,
				87536BF329CE5B4A00DF1B2B /* Assets.xcassets in Resources */,
			);
			runOnlyForDeploymentPostprocessing = 0;
		};
		87536BF929CE5B4A00DF1B2B /* Resources */ = {
			isa = PBXResourcesBuildPhase;
			buildActionMask = 2147483647;
			files = (
			);
			runOnlyForDeploymentPostprocessing = 0;
		};
		87536C0329CE5B4A00DF1B2B /* Resources */ = {
			isa = PBXResourcesBuildPhase;
			buildActionMask = 2147483647;
			files = (
			);
			runOnlyForDeploymentPostprocessing = 0;
		};
/* End PBXResourcesBuildPhase section */

/* Begin PBXSourcesBuildPhase section */
		87536BE729CE5B4900DF1B2B /* Sources */ = {
			isa = PBXSourcesBuildPhase;
			buildActionMask = 2147483647;
			files = (
				87536BF129CE5B4900DF1B2B /* ContentView.swift in Sources */,
				87536BEF29CE5B4900DF1B2B /* DataInsightsObesityApp.swift in Sources */,
			);
			runOnlyForDeploymentPostprocessing = 0;
		};
		87536BF729CE5B4A00DF1B2B /* Sources */ = {
			isa = PBXSourcesBuildPhase;
			buildActionMask = 2147483647;
			files = (
				87536C0029CE5B4A00DF1B2B /* DataInsightsObesityTests.swift in Sources */,
			);
			runOnlyForDeploymentPostprocessing = 0;
		};
		87536C0129CE5B4A00DF1B2B /* Sources */ = {
			isa = PBXSourcesBuildPhase;
			buildActionMask = 2147483647;
			files = (
				87536C0A29CE5B4A00DF1B2B /* DataInsightsObesityUITests.swift in Sources */,
				87536C0C29CE5B4A00DF1B2B /* DataInsightsObesityUITestsLaunchTests.swift in Sources */,
			);
			runOnlyForDeploymentPostprocessing = 0;
		};
/* End PBXSourcesBuildPhase section */

/* Begin PBXTargetDependency section */
		87536BFD29CE5B4A00DF1B2B /* PBXTargetDependency */ = {
			isa = PBXTargetDependency;
			target = 87536BEA29CE5B4900DF1B2B /* DataInsightsObesity */;
			targetProxy = 87536BFC29CE5B4A00DF1B2B /* PBXContainerItemProxy */;
		};
		87536C0729CE5B4A00DF1B2B /* PBXTargetDependency */ = {
			isa = PBXTargetDependency;
			target = 87536BEA29CE5B4900DF1B2B /* DataInsightsObesity */;
			targetProxy = 87536C0629CE5B4A00DF1B2B /* PBXContainerItemProxy */;
		};
/* End PBXTargetDependency section */

/* Begin XCBuildConfiguration section */
		87536C0D29CE5B4A00DF1B2B /* Debug */ = {
			isa = XCBuildConfiguration;
			buildSettings = {
				ALWAYS_SEARCH_USER_PATHS = NO;
				CLANG_ANALYZER_NONNULL = YES;
				CLANG_ANALYZER_NUMBER_OBJECT_CONVERSION = YES_AGGRESSIVE;
				CLANG_CXX_LANGUAGE_STANDARD = "gnu++20";
				CLANG_ENABLE_MODULES = YES;
				CLANG_ENABLE_OBJC_ARC = YES;
				CLANG_ENABLE_OBJC_WEAK = YES;
				CLANG_WARN_BLOCK_CAPTURE_AUTORELEASING = YES;
				CLANG_WARN_BOOL_CONVERSION = YES;
				CLANG_WARN_COMMA = YES;
				CLANG_WARN_CONSTANT_CONVERSION = YES;
				CLANG_WARN_DEPRECATED_OBJC_IMPLEMENTATIONS = YES;
				CLANG_WARN_DIRECT_OBJC_ISA_USAGE = YES_ERROR;
				CLANG_WARN_DOCUMENTATION_COMMENTS = YES;
				CLANG_WARN_EMPTY_BODY = YES;
				CLANG_WARN_ENUM_CONVERSION = YES;
				CLANG_WARN_INFINITE_RECURSION = YES;
				CLANG_WARN_INT_CONVERSION = YES;
				CLANG_WARN_NON_LITERAL_NULL_CONVERSION = YES;
				CLANG_WARN_OBJC_IMPLICIT_RETAIN_SELF = YES;
				CLANG_WARN_OBJC_LITERAL_CONVERSION = YES;
				CLANG_WARN_OBJC_ROOT_CLASS = YES_ERROR;
				CLANG_WARN_QUOTED_INCLUDE_IN_FRAMEWORK_HEADER = YES;
				CLANG_WARN_RANGE_LOOP_ANALYSIS = YES;
				CLANG_WARN_STRICT_PROTOTYPES = YES;
				CLANG_WARN_SUSPICIOUS_MOVE = YES;
				CLANG_WARN_UNGUARDED_AVAILABILITY = YES_AGGRESSIVE;
				CLANG_WARN_UNREACHABLE_CODE = YES;
				CLANG_WARN__DUPLICATE_METHOD_MATCH = YES;
				COPY_PHASE_STRIP = NO;
				DEBUG_INFORMATION_FORMAT = dwarf;
				ENABLE_STRICT_OBJC_MSGSEND = YES;
				ENABLE_TESTABILITY = YES;
				GCC_C_LANGUAGE_STANDARD = gnu11;
				GCC_DYNAMIC_NO_PIC = NO;
				GCC_NO_COMMON_BLOCKS = YES;
				GCC_OPTIMIZATION_LEVEL = 0;
				GCC_PREPROCESSOR_DEFINITIONS = (
					"DEBUG=1",
					"$(inherited)",
				);
				GCC_WARN_64_TO_32_BIT_CONVERSION = YES;
				GCC_WARN_ABOUT_RETURN_TYPE = YES_ERROR;
				GCC_WARN_UNDECLARED_SELECTOR = YES;
				GCC_WARN_UNINITIALIZED_AUTOS = YES_AGGRESSIVE;
				GCC_WARN_UNUSED_FUNCTION = YES;
				GCC_WARN_UNUSED_VARIABLE = YES;
				IPHONEOS_DEPLOYMENT_TARGET = 16.4;
				MTL_ENABLE_DEBUG_INFO = INCLUDE_SOURCE;
				MTL_FAST_MATH = YES;
				ONLY_ACTIVE_ARCH = YES;
				SDKROOT = iphoneos;
				SWIFT_ACTIVE_COMPILATION_CONDITIONS = DEBUG;
				SWIFT_OPTIMIZATION_LEVEL = "-Onone";
			};
			name = Debug;
		};
		87536C0E29CE5B4A00DF1B2B /* Release */ = {
			isa = XCBuildConfiguration;
			buildSettings = {
				ALWAYS_SEARCH_USER_PATHS = NO;
				CLANG_ANALYZER_NONNULL = YES;
				CLANG_ANALYZER_NUMBER_OBJECT_CONVERSION = YES_AGGRESSIVE;
				CLANG_CXX_LANGUAGE_STANDARD = "gnu++20";
				CLANG_ENABLE_MODULES = YES;
				CLANG_ENABLE_OBJC_ARC = YES;
				CLANG_ENABLE_OBJC_WEAK = YES;
				CLANG_WARN_BLOCK_CAPTURE_AUTORELEASING = YES;
				CLANG_WARN_BOOL_CONVERSION = YES;
				CLANG_WARN_COMMA = YES;
				CLANG_WARN_CONSTANT_CONVERSION = YES;
				CLANG_WARN_DEPRECATED_OBJC_IMPLEMENTATIONS = YES;
				CLANG_WARN_DIRECT_OBJC_ISA_USAGE = YES_ERROR;
				CLANG_WARN_DOCUMENTATION_COMMENTS = YES;
				CLANG_WARN_EMPTY_BODY = YES;
				CLANG_WARN_ENUM_CONVERSION = YES;
				CLANG_WARN_INFINITE_RECURSION = YES;
				CLANG_WARN_INT_CONVERSION = YES;
				CLANG_WARN_NON_LITERAL_NULL_CONVERSION = YES;
				CLANG_WARN_OBJC_IMPLICIT_RETAIN_SELF = YES;
				CLANG_WARN_OBJC_LITERAL_CONVERSION = YES;
				CLANG_WARN_OBJC_ROOT_CLASS = YES_ERROR;
				CLANG_WARN_QUOTED_INCLUDE_IN_FRAMEWORK_HEADER = YES;
				CLANG_WARN_RANGE_LOOP_ANALYSIS = YES;
				CLANG_WARN_STRICT_PROTOTYPES = YES;
				CLANG_WARN_SUSPICIOUS_MOVE = YES;
				CLANG_WARN_UNGUARDED_AVAILABILITY = YES_AGGRESSIVE;
				CLANG_WARN_UNREACHABLE_CODE = YES;
				CLANG_WARN__DUPLICATE_METHOD_MATCH = YES;
				COPY_PHASE_STRIP = NO;
				DEBUG_INFORMATION_FORMAT = "dwarf-with-dsym";
				ENABLE_NS_ASSERTIONS = NO;
				ENABLE_STRICT_OBJC_MSGSEND = YES;
				GCC_C_LANGUAGE_STANDARD = gnu11;
				GCC_NO_COMMON_BLOCKS = YES;
				GCC_WARN_64_TO_32_BIT_CONVERSION = YES;
				GCC_WARN_ABOUT_RETURN_TYPE = YES_ERROR;
				GCC_WARN_UNDECLARED_SELECTOR = YES;
				GCC_WARN_UNINITIALIZED_AUTOS = YES_AGGRESSIVE;
				GCC_WARN_UNUSED_FUNCTION = YES;
				GCC_WARN_UNUSED_VARIABLE = YES;
				IPHONEOS_DEPLOYMENT_TARGET = 16.4;
				MTL_ENABLE_DEBUG_INFO = NO;
				MTL_FAST_MATH = YES;
				SDKROOT = iphoneos;
				SWIFT_COMPILATION_MODE = wholemodule;
				SWIFT_OPTIMIZATION_LEVEL = "-O";
				VALIDATE_PRODUCT = YES;
			};
			name = Release;
		};
		87536C1029CE5B4A00DF1B2B /* Debug */ = {
			isa = XCBuildConfiguration;
			buildSettings = {
				ASSETCATALOG_COMPILER_APPICON_NAME = AppIcon;
				ASSETCATALOG_COMPILER_GLOBAL_ACCENT_COLOR_NAME = AccentColor;
				CODE_SIGN_STYLE = Automatic;
				CURRENT_PROJECT_VERSION = 1;
				DEVELOPMENT_ASSET_PATHS = "\"DataInsightsObesity/Preview Content\"";
				ENABLE_PREVIEWS = YES;
				GENERATE_INFOPLIST_FILE = YES;
				INFOPLIST_KEY_UIApplicationSceneManifest_Generation = YES;
				INFOPLIST_KEY_UIApplicationSupportsIndirectInputEvents = YES;
				INFOPLIST_KEY_UILaunchScreen_Generation = YES;
				INFOPLIST_KEY_UISupportedInterfaceOrientations_iPad = "UIInterfaceOrientationPortrait UIInterfaceOrientationPortraitUpsideDown UIInterfaceOrientationLandscapeLeft UIInterfaceOrientationLandscapeRight";
				INFOPLIST_KEY_UISupportedInterfaceOrientations_iPhone = "UIInterfaceOrientationPortrait UIInterfaceOrientationLandscapeLeft UIInterfaceOrientationLandscapeRight";
				LD_RUNPATH_SEARCH_PATHS = (
					"$(inherited)",
					"@executable_path/Frameworks",
				);
				MARKETING_VERSION = 1.0;
				PRODUCT_BUNDLE_IDENTIFIER = C.DataInsightsObesity;
				PRODUCT_NAME = "$(TARGET_NAME)";
				SWIFT_EMIT_LOC_STRINGS = YES;
				SWIFT_VERSION = 5.0;
				TARGETED_DEVICE_FAMILY = "1,2";
			};
			name = Debug;
		};
		87536C1129CE5B4A00DF1B2B /* Release */ = {
			isa = XCBuildConfiguration;
			buildSettings = {
				ASSETCATALOG_COMPILER_APPICON_NAME = AppIcon;
				ASSETCATALOG_COMPILER_GLOBAL_ACCENT_COLOR_NAME = AccentColor;
				CODE_SIGN_STYLE = Automatic;
				CURRENT_PROJECT_VERSION = 1;
				DEVELOPMENT_ASSET_PATHS = "\"DataInsightsObesity/Preview Content\"";
				ENABLE_PREVIEWS = YES;
				GENERATE_INFOPLIST_FILE = YES;
				INFOPLIST_KEY_UIApplicationSceneManifest_Generation = YES;
				INFOPLIST_KEY_UIApplicationSupportsIndirectInputEvents = YES;
				INFOPLIST_KEY_UILaunchScreen_Generation = YES;
				INFOPLIST_KEY_UISupportedInterfaceOrientations_iPad = "UIInterfaceOrientationPortrait UIInterfaceOrientationPortraitUpsideDown UIInterfaceOrientationLandscapeLeft UIInterfaceOrientationLandscapeRight";
				INFOPLIST_KEY_UISupportedInterfaceOrientations_iPhone = "UIInterfaceOrientationPortrait UIInterfaceOrientationLandscapeLeft UIInterfaceOrientationLandscapeRight";
				LD_RUNPATH_SEARCH_PATHS = (
					"$(inherited)",
					"@executable_path/Frameworks",
				);
				MARKETING_VERSION = 1.0;
				PRODUCT_BUNDLE_IDENTIFIER = C.DataInsightsObesity;
				PRODUCT_NAME = "$(TARGET_NAME)";
				SWIFT_EMIT_LOC_STRINGS = YES;
				SWIFT_VERSION = 5.0;
				TARGETED_DEVICE_FAMILY = "1,2";
			};
			name = Release;
		};
		87536C1329CE5B4A00DF1B2B /* Debug */ = {
			isa = XCBuildConfiguration;
			buildSettings = {
				ALWAYS_EMBED_SWIFT_STANDARD_LIBRARIES = YES;
				BUNDLE_LOADER = "$(TEST_HOST)";
				CODE_SIGN_STYLE = Automatic;
				CURRENT_PROJECT_VERSION = 1;
				GENERATE_INFOPLIST_FILE = YES;
				IPHONEOS_DEPLOYMENT_TARGET = 16.4;
				MARKETING_VERSION = 1.0;
				PRODUCT_BUNDLE_IDENTIFIER = C.DataInsightsObesityTests;
				PRODUCT_NAME = "$(TARGET_NAME)";
				SWIFT_EMIT_LOC_STRINGS = NO;
				SWIFT_VERSION = 5.0;
				TARGETED_DEVICE_FAMILY = "1,2";
				TEST_HOST = "$(BUILT_PRODUCTS_DIR)/DataInsightsObesity.app/$(BUNDLE_EXECUTABLE_FOLDER_PATH)/DataInsightsObesity";
			};
			name = Debug;
		};
		87536C1429CE5B4A00DF1B2B /* Release */ = {
			isa = XCBuildConfiguration;
			buildSettings = {
				ALWAYS_EMBED_SWIFT_STANDARD_LIBRARIES = YES;
				BUNDLE_LOADER = "$(TEST_HOST)";
				CODE_SIGN_STYLE = Automatic;
				CURRENT_PROJECT_VERSION = 1;
				GENERATE_INFOPLIST_FILE = YES;
				IPHONEOS_DEPLOYMENT_TARGET = 16.4;
				MARKETING_VERSION = 1.0;
				PRODUCT_BUNDLE_IDENTIFIER = C.DataInsightsObesityTests;
				PRODUCT_NAME = "$(TARGET_NAME)";
				SWIFT_EMIT_LOC_STRINGS = NO;
				SWIFT_VERSION = 5.0;
				TARGETED_DEVICE_FAMILY = "1,2";
				TEST_HOST = "$(BUILT_PRODUCTS_DIR)/DataInsightsObesity.app/$(BUNDLE_EXECUTABLE_FOLDER_PATH)/DataInsightsObesity";
			};
			name = Release;
		};
		87536C1629CE5B4A00DF1B2B /* Debug */ = {
			isa = XCBuildConfiguration;
			buildSettings = {
				ALWAYS_EMBED_SWIFT_STANDARD_LIBRARIES = YES;
				CODE_SIGN_STYLE = Automatic;
				CURRENT_PROJECT_VERSION = 1;
				GENERATE_INFOPLIST_FILE = YES;
				MARKETING_VERSION = 1.0;
				PRODUCT_BUNDLE_IDENTIFIER = C.DataInsightsObesityUITests;
				PRODUCT_NAME = "$(TARGET_NAME)";
				SWIFT_EMIT_LOC_STRINGS = NO;
				SWIFT_VERSION = 5.0;
				TARGETED_DEVICE_FAMILY = "1,2";
				TEST_TARGET_NAME = DataInsightsObesity;
			};
			name = Debug;
		};
		87536C1729CE5B4A00DF1B2B /* Release */ = {
			isa = XCBuildConfiguration;
			buildSettings = {
				ALWAYS_EMBED_SWIFT_STANDARD_LIBRARIES = YES;
				CODE_SIGN_STYLE = Automatic;
				CURRENT_PROJECT_VERSION = 1;
				GENERATE_INFOPLIST_FILE = YES;
				MARKETING_VERSION = 1.0;
				PRODUCT_BUNDLE_IDENTIFIER = C.DataInsightsObesityUITests;
				PRODUCT_NAME = "$(TARGET_NAME)";
				SWIFT_EMIT_LOC_STRINGS = NO;
				SWIFT_VERSION = 5.0;
				TARGETED_DEVICE_FAMILY = "1,2";
				TEST_TARGET_NAME = DataInsightsObesity;
			};
			name = Release;
		};
/* End XCBuildConfiguration section */

/* Begin XCConfigurationList section */
		87536BE629CE5B4900DF1B2B /* Build configuration list for PBXProject "DataInsightsObesity" */ = {
			isa = XCConfigurationList;
			buildConfigurations = (
				87536C0D29CE5B4A00DF1B2B /* Debug */,
				87536C0E29CE5B4A00DF1B2B /* Release */,
			);
			defaultConfigurationIsVisible = 0;
			defaultConfigurationName = Release;
		};
		87536C0F29CE5B4A00DF1B2B /* Build configuration list for PBXNativeTarget "DataInsightsObesity" */ = {
			isa = XCConfigurationList;
			buildConfigurations = (
				87536C1029CE5B4A00DF1B2B /* Debug */,
				87536C1129CE5B4A00DF1B2B /* Release */,
			);
			defaultConfigurationIsVisible = 0;
			defaultConfigurationName = Release;
		};
		87536C1229CE5B4A00DF1B2B /* Build configuration list for PBXNativeTarget "DataInsightsObesityTests" */ = {
			isa = XCConfigurationList;
			buildConfigurations = (
				87536C1329CE5B4A00DF1B2B /* Debug */,
				87536C1429CE5B4A00DF1B2B /* Release */,
			);
			defaultConfigurationIsVisible = 0;
			defaultConfigurationName = Release;
		};
		87536C1529CE5B4A00DF1B2B /* Build configuration list for PBXNativeTarget "DataInsightsObesityUITests" */ = {
			isa = XCConfigurationList;
			buildConfigurations = (
				87536C1629CE5B4A00DF1B2B /* Debug */,
				87536C1729CE5B4A00DF1B2B /* Release */,
			);
			defaultConfigurationIsVisible = 0;
			defaultConfigurationName = Release;
		};
/* End XCConfigurationList section */
	};
	rootObject = 87536BE329CE5B4900DF1B2B /* Project object */;
}
